// !$*UTF8*$!
{
	archiveVersion = 1;
	classes = {
	};
	objectVersion = 46;
	objects = {

/* Begin PBXBuildFile section */
		D024B9AE1BE07FC40011E381 /* main.m in Sources */ = {isa = PBXBuildFile; fileRef = D024B9AD1BE07FC40011E381 /* main.m */; };
		D024B9B11BE07FC40011E381 /* AppDelegate.m in Sources */ = {isa = PBXBuildFile; fileRef = D024B9B01BE07FC40011E381 /* AppDelegate.m */; };
		D024B9BC1BE07FC40011E381 /* Assets.xcassets in Resources */ = {isa = PBXBuildFile; fileRef = D024B9BB1BE07FC40011E381 /* Assets.xcassets */; };
		D024B9BF1BE07FC40011E381 /* LaunchScreen.storyboard in Resources */ = {isa = PBXBuildFile; fileRef = D024B9BD1BE07FC40011E381 /* LaunchScreen.storyboard */; };
		D024B9CA1BE07FC40011E381 /* ALRunLoopWatchdogDemoTests.m in Sources */ = {isa = PBXBuildFile; fileRef = D024B9C91BE07FC40011E381 /* ALRunLoopWatchdogDemoTests.m */; };
		D024B9D41BE080910011E381 /* RootViewController.m in Sources */ = {isa = PBXBuildFile; fileRef = D024B9D31BE080910011E381 /* RootViewController.m */; };
		D0D902281BE0A36A00B3B445 /* ALRunLoopWatchdog.m in Sources */ = {isa = PBXBuildFile; fileRef = D0D902271BE0A36A00B3B445 /* ALRunLoopWatchdog.m */; };
		D0D9022B1BE0B26F00B3B445 /* SecondViewController.m in Sources */ = {isa = PBXBuildFile; fileRef = D0D9022A1BE0B26F00B3B445 /* SecondViewController.m */; };
/* End PBXBuildFile section */

/* Begin PBXContainerItemProxy section */
		D024B9C61BE07FC40011E381 /* PBXContainerItemProxy */ = {
			isa = PBXContainerItemProxy;
			containerPortal = D024B9581BE066230011E381 /* Project object */;
			proxyType = 1;
			remoteGlobalIDString = D024B9A91BE07FC40011E381;
			remoteInfo = ALRunLoopWatchdogDemo;
		};
/* End PBXContainerItemProxy section */

/* Begin PBXFileReference section */
		D024B9AA1BE07FC40011E381 /* ALRunLoopWatchdogDemo.app */ = {isa = PBXFileReference; explicitFileType = wrapper.application; includeInIndex = 0; path = ALRunLoopWatchdogDemo.app; sourceTree = BUILT_PRODUCTS_DIR; };
		D024B9AD1BE07FC40011E381 /* main.m */ = {isa = PBXFileReference; lastKnownFileType = sourcecode.c.objc; path = main.m; sourceTree = "<group>"; };
		D024B9AF1BE07FC40011E381 /* AppDelegate.h */ = {isa = PBXFileReference; lastKnownFileType = sourcecode.c.h; path = AppDelegate.h; sourceTree = "<group>"; };
		D024B9B01BE07FC40011E381 /* AppDelegate.m */ = {isa = PBXFileReference; lastKnownFileType = sourcecode.c.objc; path = AppDelegate.m; sourceTree = "<group>"; };
		D024B9BB1BE07FC40011E381 /* Assets.xcassets */ = {isa = PBXFileReference; lastKnownFileType = folder.assetcatalog; path = Assets.xcassets; sourceTree = "<group>"; };
		D024B9BE1BE07FC40011E381 /* Base */ = {isa = PBXFileReference; lastKnownFileType = file.storyboard; name = Base; path = Base.lproj/LaunchScreen.storyboard; sourceTree = "<group>"; };
		D024B9C01BE07FC40011E381 /* Info.plist */ = {isa = PBXFileReference; lastKnownFileType = text.plist.xml; path = Info.plist; sourceTree = "<group>"; };
		D024B9C51BE07FC40011E381 /* ALRunLoopWatchdogDemoTests.xctest */ = {isa = PBXFileReference; explicitFileType = wrapper.cfbundle; includeInIndex = 0; path = ALRunLoopWatchdogDemoTests.xctest; sourceTree = BUILT_PRODUCTS_DIR; };
		D024B9C91BE07FC40011E381 /* ALRunLoopWatchdogDemoTests.m */ = {isa = PBXFileReference; lastKnownFileType = sourcecode.c.objc; path = ALRunLoopWatchdogDemoTests.m; sourceTree = "<group>"; };
		D024B9CB1BE07FC40011E381 /* Info.plist */ = {isa = PBXFileReference; lastKnownFileType = text.plist.xml; path = Info.plist; sourceTree = "<group>"; };
		D024B9D21BE080910011E381 /* RootViewController.h */ = {isa = PBXFileReference; fileEncoding = 4; lastKnownFileType = sourcecode.c.h; name = RootViewController.h; path = ALRunloopWatchDogDemo/RootViewController.h; sourceTree = SOURCE_ROOT; };
		D024B9D31BE080910011E381 /* RootViewController.m */ = {isa = PBXFileReference; fileEncoding = 4; lastKnownFileType = sourcecode.c.objc; name = RootViewController.m; path = ALRunloopWatchDogDemo/RootViewController.m; sourceTree = SOURCE_ROOT; };
		D0D902261BE0A36A00B3B445 /* ALRunLoopWatchdog.h */ = {isa = PBXFileReference; fileEncoding = 4; lastKnownFileType = sourcecode.c.h; path = ALRunLoopWatchdog.h; sourceTree = "<group>"; };
		D0D902271BE0A36A00B3B445 /* ALRunLoopWatchdog.m */ = {isa = PBXFileReference; fileEncoding = 4; lastKnownFileType = sourcecode.c.objc; path = ALRunLoopWatchdog.m; sourceTree = "<group>"; };
		D0D902291BE0B26F00B3B445 /* SecondViewController.h */ = {isa = PBXFileReference; fileEncoding = 4; lastKnownFileType = sourcecode.c.h; name = SecondViewController.h; path = ALRunloopWatchDogDemo/SecondViewController.h; sourceTree = SOURCE_ROOT; };
		D0D9022A1BE0B26F00B3B445 /* SecondViewController.m */ = {isa = PBXFileReference; fileEncoding = 4; lastKnownFileType = sourcecode.c.objc; name = SecondViewController.m; path = ALRunloopWatchDogDemo/SecondViewController.m; sourceTree = SOURCE_ROOT; };
/* End PBXFileReference section */

/* Begin PBXFrameworksBuildPhase section */
		D024B9A71BE07FC40011E381 /* Frameworks */ = {
			isa = PBXFrameworksBuildPhase;
			buildActionMask = 2147483647;
			files = (
			);
			runOnlyForDeploymentPostprocessing = 0;
		};
		D024B9C21BE07FC40011E381 /* Frameworks */ = {
			isa = PBXFrameworksBuildPhase;
			buildActionMask = 2147483647;
			files = (
			);
			runOnlyForDeploymentPostprocessing = 0;
		};
/* End PBXFrameworksBuildPhase section */

/* Begin PBXGroup section */
		D024B9571BE066230011E381 = {
			isa = PBXGroup;
			children = (
				D0D902251BE0A36A00B3B445 /* ALRunloopWatchDog */,
				D024B9AB1BE07FC40011E381 /* ALRunLoopWatchdogDemo */,
				D024B9C81BE07FC40011E381 /* ALRunLoopWatchdogDemoTests */,
				D024B9611BE066230011E381 /* Products */,
			);
			sourceTree = "<group>";
		};
		D024B9611BE066230011E381 /* Products */ = {
			isa = PBXGroup;
			children = (
				D024B9AA1BE07FC40011E381 /* ALRunLoopWatchdogDemo.app */,
				D024B9C51BE07FC40011E381 /* ALRunLoopWatchdogDemoTests.xctest */,
			);
			name = Products;
			sourceTree = "<group>";
		};
		D024B9AB1BE07FC40011E381 /* ALRunLoopWatchdogDemo */ = {
			isa = PBXGroup;
			children = (
				D024B9AF1BE07FC40011E381 /* AppDelegate.h */,
				D024B9B01BE07FC40011E381 /* AppDelegate.m */,
				D024B9D21BE080910011E381 /* RootViewController.h */,
				D024B9D31BE080910011E381 /* RootViewController.m */,
				D0D902291BE0B26F00B3B445 /* SecondViewController.h */,
				D0D9022A1BE0B26F00B3B445 /* SecondViewController.m */,
				D024B9BB1BE07FC40011E381 /* Assets.xcassets */,
				D024B9BD1BE07FC40011E381 /* LaunchScreen.storyboard */,
				D024B9C01BE07FC40011E381 /* Info.plist */,
				D024B9AC1BE07FC40011E381 /* Supporting Files */,
			);
			path = ALRunLoopWatchdogDemo;
			sourceTree = "<group>";
		};
		D024B9AC1BE07FC40011E381 /* Supporting Files */ = {
			isa = PBXGroup;
			children = (
				D024B9AD1BE07FC40011E381 /* main.m */,
			);
			name = "Supporting Files";
			sourceTree = "<group>";
		};
		D024B9C81BE07FC40011E381 /* ALRunLoopWatchdogDemoTests */ = {
			isa = PBXGroup;
			children = (
				D024B9C91BE07FC40011E381 /* ALRunLoopWatchdogDemoTests.m */,
				D024B9CB1BE07FC40011E381 /* Info.plist */,
			);
			path = ALRunLoopWatchdogDemoTests;
			sourceTree = "<group>";
		};
		D0D902251BE0A36A00B3B445 /* ALRunloopWatchDog */ = {
			isa = PBXGroup;
			children = (
				D0D902261BE0A36A00B3B445 /* ALRunLoopWatchdog.h */,
				D0D902271BE0A36A00B3B445 /* ALRunLoopWatchdog.m */,
			);
			path = ALRunloopWatchDog;
			sourceTree = "<group>";
		};
/* End PBXGroup section */

/* Begin PBXNativeTarget section */
		D024B9A91BE07FC40011E381 /* ALRunLoopWatchdogDemo */ = {
			isa = PBXNativeTarget;
			buildConfigurationList = D024B9D01BE07FC40011E381 /* Build configuration list for PBXNativeTarget "ALRunLoopWatchdogDemo" */;
			buildPhases = (
				D024B9A61BE07FC40011E381 /* Sources */,
				D024B9A71BE07FC40011E381 /* Frameworks */,
				D024B9A81BE07FC40011E381 /* Resources */,
			);
			buildRules = (
			);
			dependencies = (
			);
			name = ALRunLoopWatchdogDemo;
			productName = ALRunLoopWatchdogDemo;
			productReference = D024B9AA1BE07FC40011E381 /* ALRunLoopWatchdogDemo.app */;
			productType = "com.apple.product-type.application";
		};
		D024B9C41BE07FC40011E381 /* ALRunLoopWatchdogDemoTests */ = {
			isa = PBXNativeTarget;
			buildConfigurationList = D024B9D11BE07FC40011E381 /* Build configuration list for PBXNativeTarget "ALRunLoopWatchdogDemoTests" */;
			buildPhases = (
				D024B9C11BE07FC40011E381 /* Sources */,
				D024B9C21BE07FC40011E381 /* Frameworks */,
				D024B9C31BE07FC40011E381 /* Resources */,
			);
			buildRules = (
			);
			dependencies = (
				D024B9C71BE07FC40011E381 /* PBXTargetDependency */,
			);
			name = ALRunLoopWatchdogDemoTests;
			productName = ALRunLoopWatchdogDemoTests;
			productReference = D024B9C51BE07FC40011E381 /* ALRunLoopWatchdogDemoTests.xctest */;
			productType = "com.apple.product-type.bundle.unit-test";
		};
/* End PBXNativeTarget section */

/* Begin PBXProject section */
		D024B9581BE066230011E381 /* Project object */ = {
			isa = PBXProject;
			attributes = {
				LastUpgradeCheck = 0710;
				ORGANIZATIONNAME = "Arien Lau";
				TargetAttributes = {
					D024B9A91BE07FC40011E381 = {
						CreatedOnToolsVersion = 7.1;
					};
					D024B9C41BE07FC40011E381 = {
						CreatedOnToolsVersion = 7.1;
						TestTargetID = D024B9A91BE07FC40011E381;
					};
				};
			};
			buildConfigurationList = D024B95B1BE066230011E381 /* Build configuration list for PBXProject "ALRunloopWatchDog" */;
			compatibilityVersion = "Xcode 3.2";
			developmentRegion = English;
			hasScannedForEncodings = 0;
			knownRegions = (
				en,
				Base,
			);
			mainGroup = D024B9571BE066230011E381;
			productRefGroup = D024B9611BE066230011E381 /* Products */;
			projectDirPath = "";
			projectRoot = "";
			targets = (
				D024B9A91BE07FC40011E381 /* ALRunLoopWatchdogDemo */,
				D024B9C41BE07FC40011E381 /* ALRunLoopWatchdogDemoTests */,
			);
		};
/* End PBXProject section */

/* Begin PBXResourcesBuildPhase section */
		D024B9A81BE07FC40011E381 /* Resources */ = {
			isa = PBXResourcesBuildPhase;
			buildActionMask = 2147483647;
			files = (
				D024B9BF1BE07FC40011E381 /* LaunchScreen.storyboard in Resources */,
				D024B9BC1BE07FC40011E381 /* Assets.xcassets in Resources */,
			);
			runOnlyForDeploymentPostprocessing = 0;
		};
		D024B9C31BE07FC40011E381 /* Resources */ = {
			isa = PBXResourcesBuildPhase;
			buildActionMask = 2147483647;
			files = (
			);
			runOnlyForDeploymentPostprocessing = 0;
		};
/* End PBXResourcesBuildPhase section */

/* Begin PBXSourcesBuildPhase section */
		D024B9A61BE07FC40011E381 /* Sources */ = {
			isa = PBXSourcesBuildPhase;
			buildActionMask = 2147483647;
			files = (
				D0D9022B1BE0B26F00B3B445 /* SecondViewController.m in Sources */,
				D024B9B11BE07FC40011E381 /* AppDelegate.m in Sources */,
				D024B9AE1BE07FC40011E381 /* main.m in Sources */,
				D024B9D41BE080910011E381 /* RootViewController.m in Sources */,
				D0D902281BE0A36A00B3B445 /* ALRunLoopWatchdog.m in Sources */,
			);
			runOnlyForDeploymentPostprocessing = 0;
		};
		D024B9C11BE07FC40011E381 /* Sources */ = {
			isa = PBXSourcesBuildPhase;
			buildActionMask = 2147483647;
			files = (
				D024B9CA1BE07FC40011E381 /* ALRunLoopWatchdogDemoTests.m in Sources */,
			);
			runOnlyForDeploymentPostprocessing = 0;
		};
/* End PBXSourcesBuildPhase section */

/* Begin PBXTargetDependency section */
		D024B9C71BE07FC40011E381 /* PBXTargetDependency */ = {
			isa = PBXTargetDependency;
			target = D024B9A91BE07FC40011E381 /* ALRunLoopWatchdogDemo */;
			targetProxy = D024B9C61BE07FC40011E381 /* PBXContainerItemProxy */;
		};
/* End PBXTargetDependency section */

/* Begin PBXVariantGroup section */
		D024B9BD1BE07FC40011E381 /* LaunchScreen.storyboard */ = {
			isa = PBXVariantGroup;
			children = (
				D024B9BE1BE07FC40011E381 /* Base */,
			);
			name = LaunchScreen.storyboard;
			sourceTree = "<group>";
		};
/* End PBXVariantGroup section */

/* Begin XCBuildConfiguration section */
		D024B9831BE066230011E381 /* Debug */ = {
			isa = XCBuildConfiguration;
			buildSettings = {
				ALWAYS_SEARCH_USER_PATHS = NO;
				CLANG_CXX_LANGUAGE_STANDARD = "gnu++0x";
				CLANG_CXX_LIBRARY = "libc++";
				CLANG_ENABLE_MODULES = YES;
				CLANG_ENABLE_OBJC_ARC = YES;
				CLANG_WARN_BOOL_CONVERSION = YES;
				CLANG_WARN_CONSTANT_CONVERSION = YES;
				CLANG_WARN_DIRECT_OBJC_ISA_USAGE = YES_ERROR;
				CLANG_WARN_EMPTY_BODY = YES;
				CLANG_WARN_ENUM_CONVERSION = YES;
				CLANG_WARN_INT_CONVERSION = YES;
				CLANG_WARN_OBJC_ROOT_CLASS = YES_ERROR;
				CLANG_WARN_UNREACHABLE_CODE = YES;
				CLANG_WARN__DUPLICATE_METHOD_MATCH = YES;
				"CODE_SIGN_IDENTITY[sdk=iphoneos*]" = "iPhone Developer";
				COPY_PHASE_STRIP = NO;
				DEBUG_INFORMATION_FORMAT = dwarf;
				ENABLE_STRICT_OBJC_MSGSEND = YES;
				ENABLE_TESTABILITY = YES;
				GCC_C_LANGUAGE_STANDARD = gnu99;
				GCC_DYNAMIC_NO_PIC = NO;
				GCC_NO_COMMON_BLOCKS = YES;
				GCC_OPTIMIZATION_LEVEL = 0;
				GCC_PREPROCESSOR_DEFINITIONS = (
					"DEBUG=1",
					"$(inherited)",
				);
				GCC_WARN_64_TO_32_BIT_CONVERSION = YES;
				GCC_WARN_ABOUT_RETURN_TYPE = YES_ERROR;
				GCC_WARN_UNDECLARED_SELECTOR = YES;
				GCC_WARN_UNINITIALIZED_AUTOS = YES_AGGRESSIVE;
				GCC_WARN_UNUSED_FUNCTION = YES;
				GCC_WARN_UNUSED_VARIABLE = YES;
				IPHONEOS_DEPLOYMENT_TARGET = 9.1;
				MTL_ENABLE_DEBUG_INFO = YES;
				ONLY_ACTIVE_ARCH = YES;
				SDKROOT = iphoneos;
				TARGETED_DEVICE_FAMILY = "1,2";
			};
			name = Debug;
		};
		D024B9841BE066230011E381 /* Release */ = {
			isa = XCBuildConfiguration;
			buildSettings = {
				ALWAYS_SEARCH_USER_PATHS = NO;
				CLANG_CXX_LANGUAGE_STANDARD = "gnu++0x";
				CLANG_CXX_LIBRARY = "libc++";
				CLANG_ENABLE_MODULES = YES;
				CLANG_ENABLE_OBJC_ARC = YES;
				CLANG_WARN_BOOL_CONVERSION = YES;
				CLANG_WARN_CONSTANT_CONVERSION = YES;
				CLANG_WARN_DIRECT_OBJC_ISA_USAGE = YES_ERROR;
				CLANG_WARN_EMPTY_BODY = YES;
				CLANG_WARN_ENUM_CONVERSION = YES;
				CLANG_WARN_INT_CONVERSION = YES;
				CLANG_WARN_OBJC_ROOT_CLASS = YES_ERROR;
				CLANG_WARN_UNREACHABLE_CODE = YES;
				CLANG_WARN__DUPLICATE_METHOD_MATCH = YES;
				"CODE_SIGN_IDENTITY[sdk=iphoneos*]" = "iPhone Developer";
				COPY_PHASE_STRIP = NO;
				DEBUG_INFORMATION_FORMAT = "dwarf-with-dsym";
				ENABLE_NS_ASSERTIONS = NO;
				ENABLE_STRICT_OBJC_MSGSEND = YES;
				GCC_C_LANGUAGE_STANDARD = gnu99;
				GCC_NO_COMMON_BLOCKS = YES;
				GCC_WARN_64_TO_32_BIT_CONVERSION = YES;
				GCC_WARN_ABOUT_RETURN_TYPE = YES_ERROR;
				GCC_WARN_UNDECLARED_SELECTOR = YES;
				GCC_WARN_UNINITIALIZED_AUTOS = YES_AGGRESSIVE;
				GCC_WARN_UNUSED_FUNCTION = YES;
				GCC_WARN_UNUSED_VARIABLE = YES;
				IPHONEOS_DEPLOYMENT_TARGET = 9.1;
				MTL_ENABLE_DEBUG_INFO = NO;
				SDKROOT = iphoneos;
				TARGETED_DEVICE_FAMILY = "1,2";
				VALIDATE_PRODUCT = YES;
			};
			name = Release;
		};
		D024B9CC1BE07FC40011E381 /* Debug */ = {
			isa = XCBuildConfiguration;
			buildSettings = {
				ASSETCATALOG_COMPILER_APPICON_NAME = AppIcon;
				INFOPLIST_FILE = ALRunLoopWatchdogDemo/Info.plist;
				IPHONEOS_DEPLOYMENT_TARGET = 6.0;
				LD_RUNPATH_SEARCH_PATHS = "$(inherited) @executable_path/Frameworks";
				PRODUCT_BUNDLE_IDENTIFIER = com.wyblb.ALRunLoopWatchdogDemo;
				PRODUCT_NAME = "$(TARGET_NAME)";
			};
			name = Debug;
		};
		D024B9CD1BE07FC40011E381 /* Release */ = {
			isa = XCBuildConfiguration;
			buildSettings = {
				ASSETCATALOG_COMPILER_APPICON_NAME = AppIcon;
				INFOPLIST_FILE = ALRunLoopWatchdogDemo/Info.plist;
				IPHONEOS_DEPLOYMENT_TARGET = 6.0;
				LD_RUNPATH_SEARCH_PATHS = "$(inherited) @executable_path/Frameworks";
				PRODUCT_BUNDLE_IDENTIFIER = com.wyblb.ALRunLoopWatchdogDemo;
				PRODUCT_NAME = "$(TARGET_NAME)";
			};
			name = Release;
		};
		D024B9CE1BE07FC40011E381 /* Debug */ = {
			isa = XCBuildConfiguration;
			buildSettings = {
				BUNDLE_LOADER = "$(TEST_HOST)";
				INFOPLIST_FILE = ALRunLoopWatchdogDemoTests/Info.plist;
				LD_RUNPATH_SEARCH_PATHS = "$(inherited) @executable_path/Frameworks @loader_path/Frameworks";
				PRODUCT_BUNDLE_IDENTIFIER = com.wyblb.ALRunLoopWatchdogDemoTests;
				PRODUCT_NAME = "$(TARGET_NAME)";
				TEST_HOST = "$(BUILT_PRODUCTS_DIR)/ALRunLoopWatchdogDemo.app/ALRunLoopWatchdogDemo";
			};
			name = Debug;
		};
		D024B9CF1BE07FC40011E381 /* Release */ = {
			isa = XCBuildConfiguration;
			buildSettings = {
				BUNDLE_LOADER = "$(TEST_HOST)";
				INFOPLIST_FILE = ALRunLoopWatchdogDemoTests/Info.plist;
				LD_RUNPATH_SEARCH_PATHS = "$(inherited) @executable_path/Frameworks @loader_path/Frameworks";
				PRODUCT_BUNDLE_IDENTIFIER = com.wyblb.ALRunLoopWatchdogDemoTests;
				PRODUCT_NAME = "$(TARGET_NAME)";
				TEST_HOST = "$(BUILT_PRODUCTS_DIR)/ALRunLoopWatchdogDemo.app/ALRunLoopWatchdogDemo";
			};
			name = Release;
		};
/* End XCBuildConfiguration section */

/* Begin XCConfigurationList section */
		D024B95B1BE066230011E381 /* Build configuration list for PBXProject "ALRunloopWatchDog" */ = {
			isa = XCConfigurationList;
			buildConfigurations = (
				D024B9831BE066230011E381 /* Debug */,
				D024B9841BE066230011E381 /* Release */,
			);
			defaultConfigurationIsVisible = 0;
			defaultConfigurationName = Release;
		};
		D024B9D01BE07FC40011E381 /* Build configuration list for PBXNativeTarget "ALRunLoopWatchdogDemo" */ = {
			isa = XCConfigurationList;
			buildConfigurations = (
				D024B9CC1BE07FC40011E381 /* Debug */,
				D024B9CD1BE07FC40011E381 /* Release */,
			);
			defaultConfigurationIsVisible = 0;
			defaultConfigurationName = Release;
		};
		D024B9D11BE07FC40011E381 /* Build configuration list for PBXNativeTarget "ALRunLoopWatchdogDemoTests" */ = {
			isa = XCConfigurationList;
			buildConfigurations = (
				D024B9CE1BE07FC40011E381 /* Debug */,
				D024B9CF1BE07FC40011E381 /* Release */,
			);
			defaultConfigurationIsVisible = 0;
			defaultConfigurationName = Release;
		};
/* End XCConfigurationList section */
	};
	rootObject = D024B9581BE066230011E381 /* Project object */;
}
